
Microsoft Visual Studio Solution File, Format Version 12.00
# Visual Studio Version 17
VisualStudioVersion = 17.6.33829.357
MinimumVisualStudioVersion = 10.0.40219.1
Project("{9A19103F-16F7-4668-BE54-9A1E7A4F7556}") = "FolderView", "FolderView\FolderView.csproj", "{5107BDF8-9280-450E-9556-53244A502CA1}"
EndProject
Project("{2150E333-8FDC-42A3-9474-1A3956D46DE8}") = "Solution Items", "Solution Items", "{6435AF33-01EC-492A-B0E5-6E08D8A00389}"
	ProjectSection(SolutionItems) = preProject
		.editorconfig = .editorconfig
	EndProjectSection
EndProject
Project("{9A19103F-16F7-4668-BE54-9A1E7A4F7556}") = "FolderView.Test", "Test\FolderView.Test\FolderView.Test.csproj", "{E0D77F93-E88C-4B61-AA03-E54AFA909EC8}"
EndProject
Global
	GlobalSection(SolutionConfigurationPlatforms) = preSolution
		Debug|x64 = Debug|x64
		Release|x64 = Release|x64
	EndGlobalSection
	GlobalSection(ProjectConfigurationPlatforms) = postSolution
		{5107BDF8-9280-450E-9556-53244A502CA1}.Debug|x64.ActiveCfg = Debug|x64
		{5107BDF8-9280-450E-9556-53244A502CA1}.Debug|x64.Build.0 = Debug|x64
		{5107BDF8-9280-450E-9556-53244A502CA1}.Release|x64.ActiveCfg = Release|x64
		{5107BDF8-9280-450E-9556-53244A502CA1}.Release|x64.Build.0 = Release|x64
		{E0D77F93-E88C-4B61-AA03-E54AFA909EC8}.Debug|x64.ActiveCfg = Debug|x64
		{E0D77F93-E88C-4B61-AA03-E54AFA909EC8}.Debug|x64.Build.0 = Debug|x64
		{E0D77F93-E88C-4B61-AA03-E54AFA909EC8}.Release|x64.ActiveCfg = Release|x64
		{E0D77F93-E88C-4B61-AA03-E54AFA909EC8}.Release|x64.Build.0 = Release|x64
	EndGlobalSection
	GlobalSection(SolutionProperties) = preSolution
		HideSolutionNode = FALSE
	EndGlobalSection
	GlobalSection(ExtensibilityGlobals) = postSolution
		SolutionGuid = {DE1CF801-751F-4461-93F8-9CE6A52CD13C}
	EndGlobalSection
EndGlobal
